
Microsoft Visual Studio Solution File, Format Version 12.00
# Visual Studio 15
VisualStudioVersion = 15.0.26124.0
MinimumVisualStudioVersion = 15.0.26124.0
Project("{FAE04EC0-301F-11D3-BF4B-00C04F79EFBC}") = "NumerosFelizesESortudos.Main", "NumerosFelizesESortudos.Main\NumerosFelizesESortudos.Main.csproj", "{69C13926-522C-4A8A-BD55-18F23FEDA12A}"
EndProject
Project("{FAE04EC0-301F-11D3-BF4B-00C04F79EFBC}") = "NumerosFelizesESortudos.Tests", "NumerosFelizesESortudos.Tests\NumerosFelizesESortudos.Tests.csproj", "{CF5F0F4B-AA8C-4009-A161-B559CAF9EDD7}"
EndProject
Project("{FAE04EC0-301F-11D3-BF4B-00C04F79EFBC}") = "NumerosFelizesESortudos.Lib", "NumerosFelizesESortudos.Lib\NumerosFelizesESortudos.Lib.csproj", "{69E5EEE4-2A03-4067-AE84-2DD1C576550B}"
EndProject
Global
	GlobalSection(SolutionConfigurationPlatforms) = preSolution
		Debug|Any CPU = Debug|Any CPU
		Debug|x64 = Debug|x64
		Debug|x86 = Debug|x86
		Release|Any CPU = Release|Any CPU
		Release|x64 = Release|x64
		Release|x86 = Release|x86
	EndGlobalSection
	GlobalSection(SolutionProperties) = preSolution
		HideSolutionNode = FALSE
	EndGlobalSection
	GlobalSection(ProjectConfigurationPlatforms) = postSolution
		{69C13926-522C-4A8A-BD55-18F23FEDA12A}.Debug|Any CPU.ActiveCfg = Debug|Any CPU
		{69C13926-522C-4A8A-BD55-18F23FEDA12A}.Debug|Any CPU.Build.0 = Debug|Any CPU
		{69C13926-522C-4A8A-BD55-18F23FEDA12A}.Debug|x64.ActiveCfg = Debug|Any CPU
		{69C13926-522C-4A8A-BD55-18F23FEDA12A}.Debug|x64.Build.0 = Debug|Any CPU
		{69C13926-522C-4A8A-BD55-18F23FEDA12A}.Debug|x86.ActiveCfg = Debug|Any CPU
		{69C13926-522C-4A8A-BD55-18F23FEDA12A}.Debug|x86.Build.0 = Debug|Any CPU
		{69C13926-522C-4A8A-BD55-18F23FEDA12A}.Release|Any CPU.ActiveCfg = Release|Any CPU
		{69C13926-522C-4A8A-BD55-18F23FEDA12A}.Release|Any CPU.Build.0 = Release|Any CPU
		{69C13926-522C-4A8A-BD55-18F23FEDA12A}.Release|x64.ActiveCfg = Release|Any CPU
		{69C13926-522C-4A8A-BD55-18F23FEDA12A}.Release|x64.Build.0 = Release|Any CPU
		{69C13926-522C-4A8A-BD55-18F23FEDA12A}.Release|x86.ActiveCfg = Release|Any CPU
		{69C13926-522C-4A8A-BD55-18F23FEDA12A}.Release|x86.Build.0 = Release|Any CPU
		{CF5F0F4B-AA8C-4009-A161-B559CAF9EDD7}.Debug|Any CPU.ActiveCfg = Debug|Any CPU
		{CF5F0F4B-AA8C-4009-A161-B559CAF9EDD7}.Debug|Any CPU.Build.0 = Debug|Any CPU
		{CF5F0F4B-AA8C-4009-A161-B559CAF9EDD7}.Debug|x64.ActiveCfg = Debug|Any CPU
		{CF5F0F4B-AA8C-4009-A161-B559CAF9EDD7}.Debug|x64.Build.0 = Debug|Any CPU
		{CF5F0F4B-AA8C-4009-A161-B559CAF9EDD7}.Debug|x86.ActiveCfg = Debug|Any CPU
		{CF5F0F4B-AA8C-4009-A161-B559CAF9EDD7}.Debug|x86.Build.0 = Debug|Any CPU
		{CF5F0F4B-AA8C-4009-A161-B559CAF9EDD7}.Release|Any CPU.ActiveCfg = Release|Any CPU
		{CF5F0F4B-AA8C-4009-A161-B559CAF9EDD7}.Release|Any CPU.Build.0 = Release|Any CPU
		{CF5F0F4B-AA8C-4009-A161-B559CAF9EDD7}.Release|x64.ActiveCfg = Release|Any CPU
		{CF5F0F4B-AA8C-4009-A161-B559CAF9EDD7}.Release|x64.Build.0 = Release|Any CPU
		{CF5F0F4B-AA8C-4009-A161-B559CAF9EDD7}.Release|x86.ActiveCfg = Release|Any CPU
		{CF5F0F4B-AA8C-4009-A161-B559CAF9EDD7}.Release|x86.Build.0 = Release|Any CPU
		{69E5EEE4-2A03-4067-AE84-2DD1C576550B}.Debug|Any CPU.ActiveCfg = Debug|Any CPU
		{69E5EEE4-2A03-4067-AE84-2DD1C576550B}.Debug|Any CPU.Build.0 = Debug|Any CPU
		{69E5EEE4-2A03-4067-AE84-2DD1C576550B}.Debug|x64.ActiveCfg = Debug|Any CPU
		{69E5EEE4-2A03-4067-AE84-2DD1C576550B}.Debug|x64.Build.0 = Debug|Any CPU
		{69E5EEE4-2A03-4067-AE84-2DD1C576550B}.Debug|x86.ActiveCfg = Debug|Any CPU
		{69E5EEE4-2A03-4067-AE84-2DD1C576550B}.Debug|x86.Build.0 = Debug|Any CPU
		{69E5EEE4-2A03-4067-AE84-2DD1C576550B}.Release|Any CPU.ActiveCfg = Release|Any CPU
		{69E5EEE4-2A03-4067-AE84-2DD1C576550B}.Release|Any CPU.Build.0 = Release|Any CPU
		{69E5EEE4-2A03-4067-AE84-2DD1C576550B}.Release|x64.ActiveCfg = Release|Any CPU
		{69E5EEE4-2A03-4067-AE84-2DD1C576550B}.Release|x64.Build.0 = Release|Any CPU
		{69E5EEE4-2A03-4067-AE84-2DD1C576550B}.Release|x86.ActiveCfg = Release|Any CPU
		{69E5EEE4-2A03-4067-AE84-2DD1C576550B}.Release|x86.Build.0 = Release|Any CPU
	EndGlobalSection
EndGlobal
